// !$*UTF8*$!
{
	archiveVersion = 1;
	classes = {
	};
	objectVersion = 46;
	objects = {

/* Begin PBXBuildFile section */
		3C528BC81EE2E91700C406CD /* Park.m in Sources */ = {isa = PBXBuildFile; fileRef = 3C528BC71EE2E91700C406CD /* Park.m */; };
		3C528BCC1EE3BAF600C406CD /* TaipeiParkNetworkHandler.m in Sources */ = {isa = PBXBuildFile; fileRef = 3C528BCB1EE3BAF600C406CD /* TaipeiParkNetworkHandler.m */; };
		3C5B09F01EE25EBD00A5785D /* main.m in Sources */ = {isa = PBXBuildFile; fileRef = 3C5B09EF1EE25EBD00A5785D /* main.m */; };
		3C5B09F31EE25EBD00A5785D /* AppDelegate.m in Sources */ = {isa = PBXBuildFile; fileRef = 3C5B09F21EE25EBD00A5785D /* AppDelegate.m */; };
		3C5B09FB1EE25EBD00A5785D /* Assets.xcassets in Resources */ = {isa = PBXBuildFile; fileRef = 3C5B09FA1EE25EBD00A5785D /* Assets.xcassets */; };
		3C5B09FE1EE25EBD00A5785D /* LaunchScreen.storyboard in Resources */ = {isa = PBXBuildFile; fileRef = 3C5B09FC1EE25EBD00A5785D /* LaunchScreen.storyboard */; };
		3C80D7281EE561A5007579AB /* ParkTableViewController.m in Sources */ = {isa = PBXBuildFile; fileRef = 3C80D7271EE561A5007579AB /* ParkTableViewController.m */; };
		3CBCF2321EE652E600049163 /* IndicatorViewController.m in Sources */ = {isa = PBXBuildFile; fileRef = 3CBCF2311EE652E600049163 /* IndicatorViewController.m */; };
		3CE5A7071EE2C86A007F9986 /* TaipeiParks.m in Sources */ = {isa = PBXBuildFile; fileRef = 3CE5A7061EE2C86A007F9986 /* TaipeiParks.m */; };
		3CE5A70B1EE2DB2B007F9986 /* ParkTableViewCell.m in Sources */ = {isa = PBXBuildFile; fileRef = 3CE5A7091EE2DB2B007F9986 /* ParkTableViewCell.m */; };
		3CE5A70C1EE2DB2B007F9986 /* ParkTableViewCell.xib in Resources */ = {isa = PBXBuildFile; fileRef = 3CE5A70A1EE2DB2B007F9986 /* ParkTableViewCell.xib */; };
/* End PBXBuildFile section */

/* Begin PBXFileReference section */
		3C528BC21EE2E3C900C406CD /* ParkTableViewDataModelProtocol.h */ = {isa = PBXFileReference; fileEncoding = 4; lastKnownFileType = sourcecode.c.h; name = ParkTableViewDataModelProtocol.h; path = Model/ParkTableViewDataModelProtocol.h; sourceTree = "<group>"; };
		3C528BC61EE2E91700C406CD /* Park.h */ = {isa = PBXFileReference; fileEncoding = 4; lastKnownFileType = sourcecode.c.h; name = Park.h; path = Model/Park.h; sourceTree = "<group>"; };
		3C528BC71EE2E91700C406CD /* Park.m */ = {isa = PBXFileReference; fileEncoding = 4; lastKnownFileType = sourcecode.c.objc; name = Park.m; path = Model/Park.m; sourceTree = "<group>"; };
		3C528BC91EE2E93500C406CD /* ParkTableViewCellProtocol.h */ = {isa = PBXFileReference; fileEncoding = 4; lastKnownFileType = sourcecode.c.h; name = ParkTableViewCellProtocol.h; path = Model/ParkTableViewCellProtocol.h; sourceTree = "<group>"; };
		3C528BCA1EE3BAF600C406CD /* TaipeiParkNetworkHandler.h */ = {isa = PBXFileReference; fileEncoding = 4; lastKnownFileType = sourcecode.c.h; name = TaipeiParkNetworkHandler.h; path = Model/TaipeiParkNetworkHandler.h; sourceTree = "<group>"; };
		3C528BCB1EE3BAF600C406CD /* TaipeiParkNetworkHandler.m */ = {isa = PBXFileReference; fileEncoding = 4; lastKnownFileType = sourcecode.c.objc; name = TaipeiParkNetworkHandler.m; path = Model/TaipeiParkNetworkHandler.m; sourceTree = "<group>"; };
		3C5B09EB1EE25EBD00A5785D /* TaipeiPark.app */ = {isa = PBXFileReference; explicitFileType = wrapper.application; includeInIndex = 0; path = TaipeiPark.app; sourceTree = BUILT_PRODUCTS_DIR; };
		3C5B09EF1EE25EBD00A5785D /* main.m */ = {isa = PBXFileReference; lastKnownFileType = sourcecode.c.objc; path = main.m; sourceTree = "<group>"; };
		3C5B09F11EE25EBD00A5785D /* AppDelegate.h */ = {isa = PBXFileReference; lastKnownFileType = sourcecode.c.h; path = AppDelegate.h; sourceTree = "<group>"; };
		3C5B09F21EE25EBD00A5785D /* AppDelegate.m */ = {isa = PBXFileReference; lastKnownFileType = sourcecode.c.objc; path = AppDelegate.m; sourceTree = "<group>"; };
		3C5B09FA1EE25EBD00A5785D /* Assets.xcassets */ = {isa = PBXFileReference; lastKnownFileType = folder.assetcatalog; path = Assets.xcassets; sourceTree = "<group>"; };
		3C5B09FD1EE25EBD00A5785D /* Base */ = {isa = PBXFileReference; lastKnownFileType = file.storyboard; name = Base; path = Base.lproj/LaunchScreen.storyboard; sourceTree = "<group>"; };
		3C5B09FF1EE25EBD00A5785D /* Info.plist */ = {isa = PBXFileReference; lastKnownFileType = text.plist.xml; path = Info.plist; sourceTree = "<group>"; };
		3C80D7261EE561A5007579AB /* ParkTableViewController.h */ = {isa = PBXFileReference; fileEncoding = 4; lastKnownFileType = sourcecode.c.h; name = ParkTableViewController.h; path = Controller/ParkTableViewController.h; sourceTree = "<group>"; };
		3C80D7271EE561A5007579AB /* ParkTableViewController.m */ = {isa = PBXFileReference; fileEncoding = 4; lastKnownFileType = sourcecode.c.objc; name = ParkTableViewController.m; path = Controller/ParkTableViewController.m; sourceTree = "<group>"; };
		3C80D7291EE56D08007579AB /* TableViewDataFetchProtocol.h */ = {isa = PBXFileReference; fileEncoding = 4; lastKnownFileType = sourcecode.c.h; name = TableViewDataFetchProtocol.h; path = Model/TableViewDataFetchProtocol.h; sourceTree = "<group>"; };
		3CBCF2301EE652E600049163 /* IndicatorViewController.h */ = {isa = PBXFileReference; fileEncoding = 4; lastKnownFileType = sourcecode.c.h; name = IndicatorViewController.h; path = Controller/IndicatorViewController.h; sourceTree = "<group>"; };
		3CBCF2311EE652E600049163 /* IndicatorViewController.m */ = {isa = PBXFileReference; fileEncoding = 4; lastKnownFileType = sourcecode.c.objc; name = IndicatorViewController.m; path = Controller/IndicatorViewController.m; sourceTree = "<group>"; };
		3CE5A7051EE2C86A007F9986 /* TaipeiParks.h */ = {isa = PBXFileReference; fileEncoding = 4; lastKnownFileType = sourcecode.c.h; name = TaipeiParks.h; path = Model/TaipeiParks.h; sourceTree = "<group>"; };
		3CE5A7061EE2C86A007F9986 /* TaipeiParks.m */ = {isa = PBXFileReference; fileEncoding = 4; lastKnownFileType = sourcecode.c.objc; name = TaipeiParks.m; path = Model/TaipeiParks.m; sourceTree = "<group>"; };
		3CE5A7081EE2DB2B007F9986 /* ParkTableViewCell.h */ = {isa = PBXFileReference; fileEncoding = 4; lastKnownFileType = sourcecode.c.h; name = ParkTableViewCell.h; path = View/ParkTableViewCell.h; sourceTree = "<group>"; };
		3CE5A7091EE2DB2B007F9986 /* ParkTableViewCell.m */ = {isa = PBXFileReference; fileEncoding = 4; lastKnownFileType = sourcecode.c.objc; name = ParkTableViewCell.m; path = View/ParkTableViewCell.m; sourceTree = "<group>"; };
		3CE5A70A1EE2DB2B007F9986 /* ParkTableViewCell.xib */ = {isa = PBXFileReference; fileEncoding = 4; lastKnownFileType = file.xib; name = ParkTableViewCell.xib; path = View/ParkTableViewCell.xib; sourceTree = "<group>"; };
/* End PBXFileReference section */

/* Begin PBXFrameworksBuildPhase section */
		3C5B09E81EE25EBD00A5785D /* Frameworks */ = {
			isa = PBXFrameworksBuildPhase;
			buildActionMask = 2147483647;
			files = (
			);
			runOnlyForDeploymentPostprocessing = 0;
		};
/* End PBXFrameworksBuildPhase section */

/* Begin PBXGroup section */
		3C5B09E21EE25EBC00A5785D = {
			isa = PBXGroup;
			children = (
				3C5B09ED1EE25EBD00A5785D /* TaipeiPark */,
				3C5B09EC1EE25EBD00A5785D /* Products */,
			);
			sourceTree = "<group>";
		};
		3C5B09EC1EE25EBD00A5785D /* Products */ = {
			isa = PBXGroup;
			children = (
				3C5B09EB1EE25EBD00A5785D /* TaipeiPark.app */,
			);
			name = Products;
			sourceTree = "<group>";
		};
		3C5B09ED1EE25EBD00A5785D /* TaipeiPark */ = {
			isa = PBXGroup;
			children = (
				3C5B0A081EE2724000A5785D /* AppDelegate */,
				3C5B0A061EE2722200A5785D /* Model */,
				3C5B0A071EE2722A00A5785D /* View */,
				3C5B0A051EE2721500A5785D /* Controller */,
				3C5B09FA1EE25EBD00A5785D /* Assets.xcassets */,
				3C5B09FC1EE25EBD00A5785D /* LaunchScreen.storyboard */,
				3C5B09FF1EE25EBD00A5785D /* Info.plist */,
				3C5B09EE1EE25EBD00A5785D /* Supporting Files */,
			);
			path = TaipeiPark;
			sourceTree = "<group>";
		};
		3C5B09EE1EE25EBD00A5785D /* Supporting Files */ = {
			isa = PBXGroup;
			children = (
				3C5B09EF1EE25EBD00A5785D /* main.m */,
			);
			name = "Supporting Files";
			sourceTree = "<group>";
		};
		3C5B0A051EE2721500A5785D /* Controller */ = {
			isa = PBXGroup;
			children = (
				3C80D7261EE561A5007579AB /* ParkTableViewController.h */,
				3C80D7271EE561A5007579AB /* ParkTableViewController.m */,
				3CBCF2301EE652E600049163 /* IndicatorViewController.h */,
				3CBCF2311EE652E600049163 /* IndicatorViewController.m */,
			);
			name = Controller;
			sourceTree = "<group>";
		};
		3C5B0A061EE2722200A5785D /* Model */ = {
			isa = PBXGroup;
			children = (
				3CE5A7051EE2C86A007F9986 /* TaipeiParks.h */,
				3CE5A7061EE2C86A007F9986 /* TaipeiParks.m */,
				3C528BC61EE2E91700C406CD /* Park.h */,
				3C528BC71EE2E91700C406CD /* Park.m */,
				3C80D7291EE56D08007579AB /* TableViewDataFetchProtocol.h */,
				3C528BC21EE2E3C900C406CD /* ParkTableViewDataModelProtocol.h */,
				3C528BCA1EE3BAF600C406CD /* TaipeiParkNetworkHandler.h */,
				3C528BCB1EE3BAF600C406CD /* TaipeiParkNetworkHandler.m */,
			);
			name = Model;
			sourceTree = "<group>";
		};
		3C5B0A071EE2722A00A5785D /* View */ = {
			isa = PBXGroup;
			children = (
				3CE5A7081EE2DB2B007F9986 /* ParkTableViewCell.h */,
				3CE5A7091EE2DB2B007F9986 /* ParkTableViewCell.m */,
				3CE5A70A1EE2DB2B007F9986 /* ParkTableViewCell.xib */,
				3C528BC91EE2E93500C406CD /* ParkTableViewCellProtocol.h */,
			);
			name = View;
			sourceTree = "<group>";
		};
		3C5B0A081EE2724000A5785D /* AppDelegate */ = {
			isa = PBXGroup;
			children = (
				3C5B09F11EE25EBD00A5785D /* AppDelegate.h */,
				3C5B09F21EE25EBD00A5785D /* AppDelegate.m */,
			);
			name = AppDelegate;
			sourceTree = "<group>";
		};
/* End PBXGroup section */

/* Begin PBXNativeTarget section */
		3C5B09EA1EE25EBD00A5785D /* TaipeiPark */ = {
			isa = PBXNativeTarget;
			buildConfigurationList = 3C5B0A021EE25EBD00A5785D /* Build configuration list for PBXNativeTarget "TaipeiPark" */;
			buildPhases = (
				3C5B09E71EE25EBD00A5785D /* Sources */,
				3C5B09E81EE25EBD00A5785D /* Frameworks */,
				3C5B09E91EE25EBD00A5785D /* Resources */,
			);
			buildRules = (
			);
			dependencies = (
			);
			name = TaipeiPark;
			productName = TaipeiPark;
			productReference = 3C5B09EB1EE25EBD00A5785D /* TaipeiPark.app */;
			productType = "com.apple.product-type.application";
		};
/* End PBXNativeTarget section */

/* Begin PBXProject section */
		3C5B09E31EE25EBC00A5785D /* Project object */ = {
			isa = PBXProject;
			attributes = {
				LastUpgradeCheck = 0830;
				ORGANIZATIONNAME = "WU CHIH WEI";
				TargetAttributes = {
					3C5B09EA1EE25EBD00A5785D = {
						CreatedOnToolsVersion = 8.3.2;
						DevelopmentTeam = 93DCX8AMC8;
						ProvisioningStyle = Automatic;
					};
				};
			};
			buildConfigurationList = 3C5B09E61EE25EBC00A5785D /* Build configuration list for PBXProject "TaipeiPark" */;
			compatibilityVersion = "Xcode 3.2";
			developmentRegion = English;
			hasScannedForEncodings = 0;
			knownRegions = (
				en,
				Base,
			);
			mainGroup = 3C5B09E21EE25EBC00A5785D;
			productRefGroup = 3C5B09EC1EE25EBD00A5785D /* Products */;
			projectDirPath = "";
			projectRoot = "";
			targets = (
				3C5B09EA1EE25EBD00A5785D /* TaipeiPark */,
			);
		};
/* End PBXProject section */

/* Begin PBXResourcesBuildPhase section */
		3C5B09E91EE25EBD00A5785D /* Resources */ = {
			isa = PBXResourcesBuildPhase;
			buildActionMask = 2147483647;
			files = (
				3C5B09FE1EE25EBD00A5785D /* LaunchScreen.storyboard in Resources */,
				3C5B09FB1EE25EBD00A5785D /* Assets.xcassets in Resources */,
				3CE5A70C1EE2DB2B007F9986 /* ParkTableViewCell.xib in Resources */,
			);
			runOnlyForDeploymentPostprocessing = 0;
		};
/* End PBXResourcesBuildPhase section */

/* Begin PBXSourcesBuildPhase section */
		3C5B09E71EE25EBD00A5785D /* Sources */ = {
			isa = PBXSourcesBuildPhase;
			buildActionMask = 2147483647;
			files = (
				3CBCF2321EE652E600049163 /* IndicatorViewController.m in Sources */,
				3C528BC81EE2E91700C406CD /* Park.m in Sources */,
				3C528BCC1EE3BAF600C406CD /* TaipeiParkNetworkHandler.m in Sources */,
				3CE5A70B1EE2DB2B007F9986 /* ParkTableViewCell.m in Sources */,
				3C5B09F31EE25EBD00A5785D /* AppDelegate.m in Sources */,
				3C5B09F01EE25EBD00A5785D /* main.m in Sources */,
				3CE5A7071EE2C86A007F9986 /* TaipeiParks.m in Sources */,
				3C80D7281EE561A5007579AB /* ParkTableViewController.m in Sources */,
			);
			runOnlyForDeploymentPostprocessing = 0;
		};
/* End PBXSourcesBuildPhase section */

/* Begin PBXVariantGroup section */
		3C5B09FC1EE25EBD00A5785D /* LaunchScreen.storyboard */ = {
			isa = PBXVariantGroup;
			children = (
				3C5B09FD1EE25EBD00A5785D /* Base */,
			);
			name = LaunchScreen.storyboard;
			sourceTree = "<group>";
		};
/* End PBXVariantGroup section */

/* Begin XCBuildConfiguration section */
		3C5B0A001EE25EBD00A5785D /* Debug */ = {
			isa = XCBuildConfiguration;
			buildSettings = {
				ALWAYS_SEARCH_USER_PATHS = NO;
				CLANG_ANALYZER_NONNULL = YES;
				CLANG_ANALYZER_NUMBER_OBJECT_CONVERSION = YES_AGGRESSIVE;
				CLANG_CXX_LANGUAGE_STANDARD = "gnu++0x";
				CLANG_CXX_LIBRARY = "libc++";
				CLANG_ENABLE_MODULES = YES;
				CLANG_ENABLE_OBJC_ARC = YES;
				CLANG_WARN_BOOL_CONVERSION = YES;
				CLANG_WARN_CONSTANT_CONVERSION = YES;
				CLANG_WARN_DIRECT_OBJC_ISA_USAGE = YES_ERROR;
				CLANG_WARN_DOCUMENTATION_COMMENTS = YES;
				CLANG_WARN_EMPTY_BODY = YES;
				CLANG_WARN_ENUM_CONVERSION = YES;
				CLANG_WARN_INFINITE_RECURSION = YES;
				CLANG_WARN_INT_CONVERSION = YES;
				CLANG_WARN_OBJC_ROOT_CLASS = YES_ERROR;
				CLANG_WARN_SUSPICIOUS_MOVE = YES;
				CLANG_WARN_UNREACHABLE_CODE = YES;
				CLANG_WARN__DUPLICATE_METHOD_MATCH = YES;
				"CODE_SIGN_IDENTITY[sdk=iphoneos*]" = "iPhone Developer";
				COPY_PHASE_STRIP = NO;
				DEBUG_INFORMATION_FORMAT = dwarf;
				ENABLE_STRICT_OBJC_MSGSEND = YES;
				ENABLE_TESTABILITY = YES;
				GCC_C_LANGUAGE_STANDARD = gnu99;
				GCC_DYNAMIC_NO_PIC = NO;
				GCC_NO_COMMON_BLOCKS = YES;
				GCC_OPTIMIZATION_LEVEL = 0;
				GCC_PREPROCESSOR_DEFINITIONS = (
					"DEBUG=1",
					"$(inherited)",
				);
				GCC_WARN_64_TO_32_BIT_CONVERSION = YES;
				GCC_WARN_ABOUT_RETURN_TYPE = YES_ERROR;
				GCC_WARN_UNDECLARED_SELECTOR = YES;
				GCC_WARN_UNINITIALIZED_AUTOS = YES_AGGRESSIVE;
				GCC_WARN_UNUSED_FUNCTION = YES;
				GCC_WARN_UNUSED_VARIABLE = YES;
				IPHONEOS_DEPLOYMENT_TARGET = 10.3;
				MTL_ENABLE_DEBUG_INFO = YES;
				ONLY_ACTIVE_ARCH = YES;
				SDKROOT = iphoneos;
			};
			name = Debug;
		};
		3C5B0A011EE25EBD00A5785D /* Release */ = {
			isa = XCBuildConfiguration;
			buildSettings = {
				ALWAYS_SEARCH_USER_PATHS = NO;
				CLANG_ANALYZER_NONNULL = YES;
				CLANG_ANALYZER_NUMBER_OBJECT_CONVERSION = YES_AGGRESSIVE;
				CLANG_CXX_LANGUAGE_STANDARD = "gnu++0x";
				CLANG_CXX_LIBRARY = "libc++";
				CLANG_ENABLE_MODULES = YES;
				CLANG_ENABLE_OBJC_ARC = YES;
				CLANG_WARN_BOOL_CONVERSION = YES;
				CLANG_WARN_CONSTANT_CONVERSION = YES;
				CLANG_WARN_DIRECT_OBJC_ISA_USAGE = YES_ERROR;
				CLANG_WARN_DOCUMENTATION_COMMENTS = YES;
				CLANG_WARN_EMPTY_BODY = YES;
				CLANG_WARN_ENUM_CONVERSION = YES;
				CLANG_WARN_INFINITE_RECURSION = YES;
				CLANG_WARN_INT_CONVERSION = YES;
				CLANG_WARN_OBJC_ROOT_CLASS = YES_ERROR;
				CLANG_WARN_SUSPICIOUS_MOVE = YES;
				CLANG_WARN_UNREACHABLE_CODE = YES;
				CLANG_WARN__DUPLICATE_METHOD_MATCH = YES;
				"CODE_SIGN_IDENTITY[sdk=iphoneos*]" = "iPhone Developer";
				COPY_PHASE_STRIP = NO;
				DEBUG_INFORMATION_FORMAT = "dwarf-with-dsym";
				ENABLE_NS_ASSERTIONS = NO;
				ENABLE_STRICT_OBJC_MSGSEND = YES;
				GCC_C_LANGUAGE_STANDARD = gnu99;
				GCC_NO_COMMON_BLOCKS = YES;
				GCC_WARN_64_TO_32_BIT_CONVERSION = YES;
				GCC_WARN_ABOUT_RETURN_TYPE = YES_ERROR;
				GCC_WARN_UNDECLARED_SELECTOR = YES;
				GCC_WARN_UNINITIALIZED_AUTOS = YES_AGGRESSIVE;
				GCC_WARN_UNUSED_FUNCTION = YES;
				GCC_WARN_UNUSED_VARIABLE = YES;
				IPHONEOS_DEPLOYMENT_TARGET = 10.3;
				MTL_ENABLE_DEBUG_INFO = NO;
				SDKROOT = iphoneos;
				VALIDATE_PRODUCT = YES;
			};
			name = Release;
		};
		3C5B0A031EE25EBD00A5785D /* Debug */ = {
			isa = XCBuildConfiguration;
			buildSettings = {
				ASSETCATALOG_COMPILER_APPICON_NAME = AppIcon;
				DEVELOPMENT_TEAM = 93DCX8AMC8;
				INFOPLIST_FILE = TaipeiPark/Info.plist;
				LD_RUNPATH_SEARCH_PATHS = "$(inherited) @executable_path/Frameworks";
				PRODUCT_BUNDLE_IDENTIFIER = com.wuchiwei.TaipeiPark;
				PRODUCT_NAME = "$(TARGET_NAME)";
			};
			name = Debug;
		};
		3C5B0A041EE25EBD00A5785D /* Release */ = {
			isa = XCBuildConfiguration;
			buildSettings = {
				ASSETCATALOG_COMPILER_APPICON_NAME = AppIcon;
				DEVELOPMENT_TEAM = 93DCX8AMC8;
				INFOPLIST_FILE = TaipeiPark/Info.plist;
				LD_RUNPATH_SEARCH_PATHS = "$(inherited) @executable_path/Frameworks";
				PRODUCT_BUNDLE_IDENTIFIER = com.wuchiwei.TaipeiPark;
				PRODUCT_NAME = "$(TARGET_NAME)";
			};
			name = Release;
		};
/* End XCBuildConfiguration section */

/* Begin XCConfigurationList section */
		3C5B09E61EE25EBC00A5785D /* Build configuration list for PBXProject "TaipeiPark" */ = {
			isa = XCConfigurationList;
			buildConfigurations = (
				3C5B0A001EE25EBD00A5785D /* Debug */,
				3C5B0A011EE25EBD00A5785D /* Release */,
			);
			defaultConfigurationIsVisible = 0;
			defaultConfigurationName = Release;
		};
		3C5B0A021EE25EBD00A5785D /* Build configuration list for PBXNativeTarget "TaipeiPark" */ = {
			isa = XCConfigurationList;
			buildConfigurations = (
				3C5B0A031EE25EBD00A5785D /* Debug */,
				3C5B0A041EE25EBD00A5785D /* Release */,
			);
			defaultConfigurationIsVisible = 0;
			defaultConfigurationName = Release;
		};
/* End XCConfigurationList section */
	};
	rootObject = 3C5B09E31EE25EBC00A5785D /* Project object */;
}
